
Microsoft Visual Studio Solution File, Format Version 12.00
# Visual Studio Version 17
VisualStudioVersion = 17.13.35825.156 d17.13
MinimumVisualStudioVersion = 10.0.40219.1
Project("{FAE04EC0-301F-11D3-BF4B-00C04F79EFBC}") = "1.TRIỂN KHAI CONTROLLER", "1.TRIỂN KHAI CONTROLLER\1.TRIỂN KHAI CONTROLLER.csproj", "{0340E2C9-451D-4C28-8B23-56978EEFAA02}"
EndProject
Global
	GlobalSection(SolutionConfigurationPlatforms) = preSolution
		Debug|Any CPU = Debug|Any CPU
		Release|Any CPU = Release|Any CPU
	EndGlobalSection
	GlobalSection(ProjectConfigurationPlatforms) = postSolution
		{0340E2C9-451D-4C28-8B23-56978EEFAA02}.Debug|Any CPU.ActiveCfg = Debug|Any CPU
		{0340E2C9-451D-4C28-8B23-56978EEFAA02}.Debug|Any CPU.Build.0 = Debug|Any CPU
		{0340E2C9-451D-4C28-8B23-56978EEFAA02}.Release|Any CPU.ActiveCfg = Release|Any CPU
		{0340E2C9-451D-4C28-8B23-56978EEFAA02}.Release|Any CPU.Build.0 = Release|Any CPU
	EndGlobalSection
	GlobalSection(SolutionProperties) = preSolution
		HideSolutionNode = FALSE
	EndGlobalSection
	GlobalSection(ExtensibilityGlobals) = postSolution
		SolutionGuid = {1BEB210A-F70C-49DD-9C12-141A3737F041}
	EndGlobalSection
EndGlobal
